
Microsoft Visual Studio Solution File, Format Version 12.00
# Visual Studio Version 16
VisualStudioVersion = 16.0.30225.117
MinimumVisualStudioVersion = 10.0.40219.1
Project("{FAE04EC0-301F-11D3-BF4B-00C04F79EFBC}") = "PickRandomCards", "PickRandomCards\PickRandomCards.csproj", "{D92D71E6-3AA7-438C-810F-D0391730973E}"
EndProject
Global
	GlobalSection(SolutionConfigurationPlatforms) = preSolution
		Debug|Any CPU = Debug|Any CPU
		Release|Any CPU = Release|Any CPU
	EndGlobalSection
	GlobalSection(ProjectConfigurationPlatforms) = postSolution
		{D92D71E6-3AA7-438C-810F-D0391730973E}.Debug|Any CPU.ActiveCfg = Debug|Any CPU
		{D92D71E6-3AA7-438C-810F-D0391730973E}.Debug|Any CPU.Build.0 = Debug|Any CPU
		{D92D71E6-3AA7-438C-810F-D0391730973E}.Release|Any CPU.ActiveCfg = Release|Any CPU
		{D92D71E6-3AA7-438C-810F-D0391730973E}.Release|Any CPU.Build.0 = Release|Any CPU
	EndGlobalSection
	GlobalSection(SolutionProperties) = preSolution
		HideSolutionNode = FALSE
	EndGlobalSection
	GlobalSection(ExtensibilityGlobals) = postSolution
		SolutionGuid = {DED5BB4A-CC0A-4344-A6FC-D8F5CD70DD54}
	EndGlobalSection
EndGlobal
